
Microsoft Visual Studio Solution File, Format Version 12.00
# Visual Studio Version 16
VisualStudioVersion = 16.0.29519.87
MinimumVisualStudioVersion = 10.0.40219.1
Project("{8BC9CEB8-8B4A-11D0-8D11-00A0C91BC942}") = "Jokoa", "Jokoa\Jokoa.vcxproj", "{5A387DF6-EF8F-459B-8B80-A5B77E0EEDEC}"
EndProject
Global
	GlobalSection(SolutionConfigurationPlatforms) = preSolution
		Debug|x64 = Debug|x64
		Debug|x86 = Debug|x86
		Release|x64 = Release|x64
		Release|x86 = Release|x86
	EndGlobalSection
	GlobalSection(ProjectConfigurationPlatforms) = postSolution
		{5A387DF6-EF8F-459B-8B80-A5B77E0EEDEC}.Debug|x64.ActiveCfg = Debug|x64
		{5A387DF6-EF8F-459B-8B80-A5B77E0EEDEC}.Debug|x64.Build.0 = Debug|x64
		{5A387DF6-EF8F-459B-8B80-A5B77E0EEDEC}.Debug|x86.ActiveCfg = Debug|Win32
		{5A387DF6-EF8F-459B-8B80-A5B77E0EEDEC}.Debug|x86.Build.0 = Debug|Win32
		{5A387DF6-EF8F-459B-8B80-A5B77E0EEDEC}.Release|x64.ActiveCfg = Release|x64
		{5A387DF6-EF8F-459B-8B80-A5B77E0EEDEC}.Release|x64.Build.0 = Release|x64
		{5A387DF6-EF8F-459B-8B80-A5B77E0EEDEC}.Release|x86.ActiveCfg = Release|Win32
		{5A387DF6-EF8F-459B-8B80-A5B77E0EEDEC}.Release|x86.Build.0 = Release|Win32
	EndGlobalSection
	GlobalSection(SolutionProperties) = preSolution
		HideSolutionNode = FALSE
	EndGlobalSection
	GlobalSection(ExtensibilityGlobals) = postSolution
		SolutionGuid = {C77DF5AE-76EE-424F-848B-F341AE90B07C}
	EndGlobalSection
EndGlobal
